
Microsoft Visual Studio Solution File, Format Version 12.00
# Visual Studio Version 17
VisualStudioVersion = 17.1.32228.430
MinimumVisualStudioVersion = 10.0.40219.1
Project("{FAE04EC0-301F-11D3-BF4B-00C04F79EFBC}") = "LearnCSharp.Cmd", "LearnCSharp.Cmd\LearnCSharp.Cmd.csproj", "{F4511998-DEBE-4FE8-8674-B8A8C2189785}"
EndProject
Global
	GlobalSection(SolutionConfigurationPlatforms) = preSolution
		Debug|Any CPU = Debug|Any CPU
		Release|Any CPU = Release|Any CPU
	EndGlobalSection
	GlobalSection(ProjectConfigurationPlatforms) = postSolution
		{F4511998-DEBE-4FE8-8674-B8A8C2189785}.Debug|Any CPU.ActiveCfg = Debug|Any CPU
		{F4511998-DEBE-4FE8-8674-B8A8C2189785}.Debug|Any CPU.Build.0 = Debug|Any CPU
		{F4511998-DEBE-4FE8-8674-B8A8C2189785}.Release|Any CPU.ActiveCfg = Release|Any CPU
		{F4511998-DEBE-4FE8-8674-B8A8C2189785}.Release|Any CPU.Build.0 = Release|Any CPU
	EndGlobalSection
	GlobalSection(SolutionProperties) = preSolution
		HideSolutionNode = FALSE
	EndGlobalSection
	GlobalSection(ExtensibilityGlobals) = postSolution
		SolutionGuid = {B3B94E63-81BC-431E-B4BA-4330E7454C67}
	EndGlobalSection
EndGlobal
